
Microsoft Visual Studio Solution File, Format Version 12.00
# Visual Studio Version 17
VisualStudioVersion = 17.4.33213.308
MinimumVisualStudioVersion = 10.0.40219.1
Project("{FAE04EC0-301F-11D3-BF4B-00C04F79EFBC}") = "Agent", "Agent\Agent.csproj", "{8A76199F-F236-441D-99C7-208DE0B2E68A}"
EndProject
Project("{FAE04EC0-301F-11D3-BF4B-00C04F79EFBC}") = "testinggenetic", "testinggenetic\testinggenetic.csproj", "{0CA55167-9130-4F31-8974-FC52B1490E39}"
EndProject
Global
	GlobalSection(SolutionConfigurationPlatforms) = preSolution
		Debug|Any CPU = Debug|Any CPU
		Release|Any CPU = Release|Any CPU
	EndGlobalSection
	GlobalSection(ProjectConfigurationPlatforms) = postSolution
		{8A76199F-F236-441D-99C7-208DE0B2E68A}.Debug|Any CPU.ActiveCfg = Debug|Any CPU
		{8A76199F-F236-441D-99C7-208DE0B2E68A}.Debug|Any CPU.Build.0 = Debug|Any CPU
		{8A76199F-F236-441D-99C7-208DE0B2E68A}.Release|Any CPU.ActiveCfg = Release|Any CPU
		{8A76199F-F236-441D-99C7-208DE0B2E68A}.Release|Any CPU.Build.0 = Release|Any CPU
		{0CA55167-9130-4F31-8974-FC52B1490E39}.Debug|Any CPU.ActiveCfg = Debug|Any CPU
		{0CA55167-9130-4F31-8974-FC52B1490E39}.Debug|Any CPU.Build.0 = Debug|Any CPU
		{0CA55167-9130-4F31-8974-FC52B1490E39}.Release|Any CPU.ActiveCfg = Release|Any CPU
		{0CA55167-9130-4F31-8974-FC52B1490E39}.Release|Any CPU.Build.0 = Release|Any CPU
	EndGlobalSection
	GlobalSection(SolutionProperties) = preSolution
		HideSolutionNode = FALSE
	EndGlobalSection
	GlobalSection(ExtensibilityGlobals) = postSolution
		SolutionGuid = {774C3993-04AC-4222-A918-EC11185CC1A9}
	EndGlobalSection
EndGlobal
